
Microsoft Visual Studio Solution File, Format Version 12.00
# Visual Studio 2012
Project("{FAE04EC0-301F-11D3-BF4B-00C04F79EFBC}") = "bankapp", "bankapp\bankapp.csproj", "{00E1EC63-3946-4162-AFFB-D66121C3D3CA}"
EndProject
Project("{FAE04EC0-301F-11D3-BF4B-00C04F79EFBC}") = "transaction", "transaction\transaction.csproj", "{364CC135-4BE5-41E8-9326-8FB5C831BEB7}"
EndProject
Global
	GlobalSection(SolutionConfigurationPlatforms) = preSolution
		Debug|Any CPU = Debug|Any CPU
		Release|Any CPU = Release|Any CPU
	EndGlobalSection
	GlobalSection(ProjectConfigurationPlatforms) = postSolution
		{00E1EC63-3946-4162-AFFB-D66121C3D3CA}.Debug|Any CPU.ActiveCfg = Debug|Any CPU
		{00E1EC63-3946-4162-AFFB-D66121C3D3CA}.Debug|Any CPU.Build.0 = Debug|Any CPU
		{00E1EC63-3946-4162-AFFB-D66121C3D3CA}.Release|Any CPU.ActiveCfg = Release|Any CPU
		{00E1EC63-3946-4162-AFFB-D66121C3D3CA}.Release|Any CPU.Build.0 = Release|Any CPU
		{364CC135-4BE5-41E8-9326-8FB5C831BEB7}.Debug|Any CPU.ActiveCfg = Debug|Any CPU
		{364CC135-4BE5-41E8-9326-8FB5C831BEB7}.Debug|Any CPU.Build.0 = Debug|Any CPU
		{364CC135-4BE5-41E8-9326-8FB5C831BEB7}.Release|Any CPU.ActiveCfg = Release|Any CPU
		{364CC135-4BE5-41E8-9326-8FB5C831BEB7}.Release|Any CPU.Build.0 = Release|Any CPU
	EndGlobalSection
EndGlobal
